# THIS IS AN AUTOGENERATED FILE. DO NOT EDIT THIS FILE DIRECTLY.
# yarn lockfile v1


"@thi.ng/api@^6.10.1":
  version "6.10.1"
  resolved "https://registry.yarnpkg.com/@thi.ng/api/-/api-6.10.1.tgz#2af2da5a07fbb236a1bebbd522033fcdf8499037"
  integrity sha512-5hYnzhD7PHBOoWee+d6FGAKGcnX6oDBIx8KjM0XXiJwhH7npQgMJy6EGOdw+vOfUQ+74BbXetI4Rn8XwNk/LfA==
  dependencies:
    tslib "^1.11.1"

"@thi.ng/arrays@^0.6.3":
  version "0.6.3"
  resolved "https://registry.yarnpkg.com/@thi.ng/arrays/-/arrays-0.6.3.tgz#4bc9bbfc60c37130c1f34bfce7f344168225f781"
  integrity sha512-EOQqxc/Sjyy9ugJb9VTvFF4s5nO8fsJbcCTBPlzephDcHrUASPnAXMT+ta5JoLZGH9A31uh8EaYbGqdCJvwZPQ==
  dependencies:
    "@thi.ng/api" "^6.10.1"
    "@thi.ng/checks" "^2.6.2"
    "@thi.ng/compare" "^1.3.2"
    "@thi.ng/equiv" "^1.0.19"
    "@thi.ng/errors" "^1.2.10"
    "@thi.ng/random" "^1.4.5"
    tslib "^1.11.1"

"@thi.ng/associative@^4.0.3":
  version "4.0.3"
  resolved "https://registry.yarnpkg.com/@thi.ng/associative/-/associative-4.0.3.tgz#d01ce782851f637183542a3ad68d4f4929803ce7"
  integrity sha512-WuzSHRgGsQq9vzw9vzt70OMl2xxAjYnNvmshFhtsFicO2sYetbG9pbMxQD+Wsg1SwtXrhjedz5r/bbFLxHVGvg==
  dependencies:
    "@thi.ng/api" "^6.10.1"
    "@thi.ng/binary" "^2.0.3"
    "@thi.ng/checks" "^2.6.2"
    "@thi.ng/compare" "^1.3.2"
    "@thi.ng/dcons" "^2.2.11"
    "@thi.ng/equiv" "^1.0.19"
    "@thi.ng/errors" "^1.2.10"
    "@thi.ng/transducers" "^6.4.5"
    tslib "^1.11.1"

"@thi.ng/binary@^2.0.3":
  version "2.0.3"
  resolved "https://registry.yarnpkg.com/@thi.ng/binary/-/binary-2.0.3.tgz#2e546c2c8bd61dea5a3d4f3c348a86696fad4e7f"
  integrity sha512-bgj6VQON35GQta4vYVX95DccdQKD+g5Q1aI16w3HpQxVWX0JKL4rSVYrn0Ab9wUWjD92L+tDJhVhD3LwvZdrvg==
  dependencies:
    tslib "^1.11.1"

"@thi.ng/checks@^2.6.2":
  version "2.6.2"
  resolved "https://registry.yarnpkg.com/@thi.ng/checks/-/checks-2.6.2.tgz#29e4e6c8591ef19a900397eb14683d3f43b2e5bd"
  integrity sha512-B6V79281RzuxMdjUdg3x+GSUTSBL9Mg91DZFAR+173cmapet2ItFJOsoCEVlT5/PK2pI8jNzeyJ7zLbXgOGSaw==
  dependencies:
    tslib "^1.11.1"

"@thi.ng/compare@^1.3.2":
  version "1.3.2"
  resolved "https://registry.yarnpkg.com/@thi.ng/compare/-/compare-1.3.2.tgz#dbd3f7fc06bb0072df58beac92db39951d3a40fb"
  integrity sha512-1/qXeR325XXJy2CUNggOVDd8ALJ1IOCOho6A28CMsKpLpzx3qEw6OlQOPgeLpzJnXedUH5b62vkEzSlNYRHSDQ==
  dependencies:
    "@thi.ng/api" "^6.10.1"
    tslib "^1.11.1"

"@thi.ng/compose@^1.4.3":
  version "1.4.3"
  resolved "https://registry.yarnpkg.com/@thi.ng/compose/-/compose-1.4.3.tgz#5936ddb739ab33d52a59a54344119588bcddc607"
  integrity sha512-Wpr8VvUVVUALiLfTDOBxwQ5q8JQKsv/YL6y68RN2TTSqUdKY4049sTfIzF+Rj6wxbHSuzk3poV9vKiDT66l+Nw==
  dependencies:
    "@thi.ng/api" "^6.10.1"
    "@thi.ng/errors" "^1.2.10"
    tslib "^1.11.1"

"@thi.ng/dcons@^2.2.11":
  version "2.2.11"
  resolved "https://registry.yarnpkg.com/@thi.ng/dcons/-/dcons-2.2.11.tgz#795ae9395d5c113193143ca291cd69c9c7029bd4"
  integrity sha512-1wLkbRgKp9uZ/1faf6zNvRzChWeG/oLHk48Q/zGaQikhRRbIm6FKeJe9KdTYvxd8xIvRB+9/dbL/2JT6/Q+X9Q==
  dependencies:
    "@thi.ng/api" "^6.10.1"
    "@thi.ng/checks" "^2.6.2"
    "@thi.ng/compare" "^1.3.2"
    "@thi.ng/equiv" "^1.0.19"
    "@thi.ng/errors" "^1.2.10"
    "@thi.ng/random" "^1.4.5"
    "@thi.ng/transducers" "^6.4.5"
    tslib "^1.11.1"

"@thi.ng/defmulti@^1.2.11":
  version "1.2.11"
  resolved "https://registry.yarnpkg.com/@thi.ng/defmulti/-/defmulti-1.2.11.tgz#3ec3daded3a623748de115bd97a99019870a67d9"
  integrity sha512-Z5lr46Lfp6v2tWmbJQseKPRfs2CAbrlgtL73w+zsDtzXkCYALBzotUYVuQTYsrlMlIUqKZNymmIM+c4YMOaaEg==
  dependencies:
    "@thi.ng/api" "^6.10.1"
    "@thi.ng/errors" "^1.2.10"
    tslib "^1.11.1"

"@thi.ng/dgraph@^1.2.3":
  version "1.2.3"
  resolved "https://registry.yarnpkg.com/@thi.ng/dgraph/-/dgraph-1.2.3.tgz#ef3658005a87c1e6016ba9a32abd261f48e63bbf"
  integrity sha512-QNL5/Ok5qYa+8sqgcCmry3N12eCzlVjdOaIWEs4lw0Rjnx2vIWjHtp6mfe2yaeWSXmmUTpfoO53GPyMRg5+eZw==
  dependencies:
    "@thi.ng/api" "^6.10.1"
    "@thi.ng/associative" "^4.0.3"
    "@thi.ng/equiv" "^1.0.19"
    "@thi.ng/errors" "^1.2.10"
    "@thi.ng/transducers" "^6.4.5"
    tslib "^1.11.1"

"@thi.ng/diff@^3.2.16":
  version "3.2.16"
  resolved "https://registry.yarnpkg.com/@thi.ng/diff/-/diff-3.2.16.tgz#d91adcc93986d8baebd255e6ff037ba1e59a1345"
  integrity sha512-LC9po59ZM91pKmIvD66SHsl9+o/fzlS4oGAWDXVbRxKXox3ASOqWAcfVQnK2xF2NXu0I8zbu1E2w195EMt0xdg==
  dependencies:
    "@thi.ng/api" "^6.10.1"
    "@thi.ng/equiv" "^1.0.19"
    tslib "^1.11.1"

"@thi.ng/equiv@^1.0.19":
  version "1.0.19"
  resolved "https://registry.yarnpkg.com/@thi.ng/equiv/-/equiv-1.0.19.tgz#16152bedf00a5b65505dc4fe318a9f49959fd8aa"
  integrity sha512-uEacImnl9bllbTCuw7QoflH9beh8Ga1jlZwvGrkgtgbHkZjWiD7qbnDmYY1RCKgOmoc5G+Tv32V383JwgH+LPg==
  dependencies:
    tslib "^1.11.1"

"@thi.ng/errors@^1.2.10":
  version "1.2.10"
  resolved "https://registry.yarnpkg.com/@thi.ng/errors/-/errors-1.2.10.tgz#c1affded142e6811f315d784126a6cfd71894cf8"
  integrity sha512-iYpOUCxARYSuK3Y7iE9lsar2/oh23gcUu5oil1nqXITVeOqUDb+52/yj09lV84GppUZ/trI0eA1m8PCt7G/UXA==
  dependencies:
    tslib "^1.11.1"

"@thi.ng/hdom-components@^3.2.3":
  version "3.2.4"
  resolved "https://registry.yarnpkg.com/@thi.ng/hdom-components/-/hdom-components-3.2.4.tgz#cb5f2ef5e87efaee47621dd317fc59725a03e63a"
  integrity sha512-VkXXfkyUclULq9B73nva7qGjOHjoWRK+iM/uLDH3rEi7GootRDTMF4CNxmZqojXOjZzwZ76XzOD2+jTYIUksYA==
  dependencies:
    "@thi.ng/api" "^6.10.1"
    "@thi.ng/checks" "^2.6.2"
    "@thi.ng/math" "^1.7.6"
    "@thi.ng/transducers" "^6.4.5"
    "@thi.ng/transducers-stats" "^1.1.18"
    tslib "^1.11.1"

"@thi.ng/hdom@^8.0.19":
  version "8.0.20"
  resolved "https://registry.yarnpkg.com/@thi.ng/hdom/-/hdom-8.0.20.tgz#daab854686bd30c04c061e9a80104a6510a05c5e"
  integrity sha512-WLx9Bn1b+ggXQcFIVgqgCAhIGIwC5Y2pRpoGaW3+bNlE5jbVCx44mT3I/Kb+4hV9V3u/GFefb5YN5jJdLpDDKg==
  dependencies:
    "@thi.ng/api" "^6.10.1"
    "@thi.ng/checks" "^2.6.2"
    "@thi.ng/diff" "^3.2.16"
    "@thi.ng/equiv" "^1.0.19"
    "@thi.ng/errors" "^1.2.10"
    "@thi.ng/hiccup" "^3.2.18"
    tslib "^1.11.1"

"@thi.ng/hiccup@^3.2.18":
  version "3.2.18"
  resolved "https://registry.yarnpkg.com/@thi.ng/hiccup/-/hiccup-3.2.18.tgz#e0a995d568abb7c44990e04d2e03f8754bb35596"
  integrity sha512-+1bvMSW+RBQjxqEhzqe01sZEOr2oizSBalvnIxLYcvKft8vWpLec6GXL5XYd6xWxz6yUHGZfMBhd9ghmoP7IOA==
  dependencies:
    "@thi.ng/checks" "^2.6.2"
    "@thi.ng/errors" "^1.2.10"
    tslib "^1.11.1"

"@thi.ng/malloc@^4.1.11":
  version "4.1.11"
  resolved "https://registry.yarnpkg.com/@thi.ng/malloc/-/malloc-4.1.11.tgz#03877af8c8e15d5f8b2e74949cb428f90bab7769"
  integrity sha512-6D70zwfD9GOQ6Lw67UKMU+BU2ayz3+ZtaXEPMSKFJdhAHS5FTEKJ0LUJOlPjMpYVMMyZXgCplto1NC5G2+ACXA==
  dependencies:
    "@thi.ng/api" "^6.10.1"
    "@thi.ng/binary" "^2.0.3"
    "@thi.ng/checks" "^2.6.2"
    "@thi.ng/errors" "^1.2.10"
    tslib "^1.11.1"

"@thi.ng/math@^1.7.6":
  version "1.7.6"
  resolved "https://registry.yarnpkg.com/@thi.ng/math/-/math-1.7.6.tgz#24b69303b0b6d523780452087bd01c090c8cf920"
  integrity sha512-m2S3DkyaEYYvdrb9Xw6rNQKHgmZ+zTn+EdFqMaD+3dcHLeJ1Miiw3h5yRsHMd9Yxn9J5kFo7irdngQK6ekV/tg==
  dependencies:
    tslib "^1.11.1"

"@thi.ng/matrices@^0.6.7", "@thi.ng/matrices@^0.6.8":
  version "0.6.8"
  resolved "https://registry.yarnpkg.com/@thi.ng/matrices/-/matrices-0.6.8.tgz#75c6d48dabfeede4925a50f53f93eec9b2533da7"
  integrity sha512-/aSXdQecXIsSZlIIjeviorPtY6vcl+QCTWUJ50RHHVWZZrSG9AgoTv1iyapLAVSvN1Arw9WblPx0I6BgdhFQ/Q==
  dependencies:
    "@thi.ng/api" "^6.10.1"
    "@thi.ng/checks" "^2.6.2"
    "@thi.ng/math" "^1.7.6"
    "@thi.ng/vectors" "^4.2.5"
    tslib "^1.11.1"

"@thi.ng/memoize@^2.0.7":
  version "2.0.7"
  resolved "https://registry.yarnpkg.com/@thi.ng/memoize/-/memoize-2.0.7.tgz#bc29ff43734fd59ffa71e488489843f793337ca1"
  integrity sha512-B/hWKRozBlKK790tJUHrgeoKd9gyvJpRTtVQXR3da7OHoOVqL6BXunMeL4S9J4TFxkDg3TLyqAhPJ+YYhcd2fQ==
  dependencies:
    "@thi.ng/api" "^6.10.1"
    tslib "^1.11.1"

"@thi.ng/pixel@^0.1.16":
  version "0.1.16"
  resolved "https://registry.yarnpkg.com/@thi.ng/pixel/-/pixel-0.1.16.tgz#afa4a20d141d555ad7f020b33da3eb349424473a"
  integrity sha512-x6dGdfYQiUl/Iyiu/QA8aF5WJeJTRltqez6whVhJKZ/KlCx+Kmmfdtr5Hc4esw+RLMafqqPEOyYaL0xQ4eKp2g==
  dependencies:
    "@thi.ng/api" "^6.10.1"
    "@thi.ng/checks" "^2.6.2"
    "@thi.ng/math" "^1.7.6"
    "@thi.ng/porter-duff" "^0.1.15"
    tslib "^1.11.1"

"@thi.ng/porter-duff@^0.1.15":
  version "0.1.15"
  resolved "https://registry.yarnpkg.com/@thi.ng/porter-duff/-/porter-duff-0.1.15.tgz#a7678f051cb148ab13097601504c8aa128ef1620"
  integrity sha512-eDE3HCfr1BlKBBdv1yfbGnz/iTyp7gkVCJRt57pDaZ9jFoWrzY/pU1XxusgwM+CxqWFZQBRd6MqwiZegPh/biw==
  dependencies:
    "@thi.ng/api" "^6.10.1"
    "@thi.ng/math" "^1.7.6"
    tslib "^1.11.1"

"@thi.ng/random@^1.4.5":
  version "1.4.5"
  resolved "https://registry.yarnpkg.com/@thi.ng/random/-/random-1.4.5.tgz#6d31cbd15b8292fdcbf80513a943c5337ef7062f"
  integrity sha512-umxRAs6SfJ2zEwbCAwaLJNC9Dw6yNrKCj+EKguIXHrFOTD3PizkyLvpapTRSwt3SbTa5LUHOyUVUS4G5auVSUw==
  dependencies:
    "@thi.ng/api" "^6.10.1"
    "@thi.ng/checks" "^2.6.2"
    tslib "^1.11.1"

"@thi.ng/shader-ast-glsl@^0.1.21":
  version "0.1.21"
  resolved "https://registry.yarnpkg.com/@thi.ng/shader-ast-glsl/-/shader-ast-glsl-0.1.21.tgz#2320798ce33d3f7faf6e79115012e72c951a3d0a"
  integrity sha512-7z2IgFOtrdpLsC9Neinimr23oTwCI5pOlpP68Rtvf3zXOpa3SjNOlMxW7Belsjh4yQhax1C4gyxycSh0C4PgSQ==
  dependencies:
    "@thi.ng/api" "^6.10.1"
    "@thi.ng/checks" "^2.6.2"
    "@thi.ng/errors" "^1.2.10"
    "@thi.ng/shader-ast" "^0.3.15"
    tslib "^1.11.1"

"@thi.ng/shader-ast-stdlib@^0.3.13", "@thi.ng/shader-ast-stdlib@^0.3.14":
  version "0.3.14"
  resolved "https://registry.yarnpkg.com/@thi.ng/shader-ast-stdlib/-/shader-ast-stdlib-0.3.14.tgz#58abf194b688c8dfc5e6bdcd3c66e86366ca43c6"
  integrity sha512-cQmIZiEqrcYGQaXrX7VNitxF/eZgnhLuJj2fqSAEys1IMLsqXhG/bxkVRhTfI0tDAR9DlN3O4DyadwCswyLANQ==
  dependencies:
    "@thi.ng/shader-ast" "^0.3.15"
    tslib "^1.11.1"

"@thi.ng/shader-ast@^0.3.14", "@thi.ng/shader-ast@^0.3.15":
  version "0.3.15"
  resolved "https://registry.yarnpkg.com/@thi.ng/shader-ast/-/shader-ast-0.3.15.tgz#50c4926a7cbf9d373475ddbf0019688551261c4c"
  integrity sha512-F2EEvyk2GAH7elp+iznfO+eb4Ld2Nk4aJs8vySrJcsqb1y5LQAidSH5d4x14xbKMZ+jiNvpGW/v33/naG/qTHg==
  dependencies:
    "@thi.ng/api" "^6.10.1"
    "@thi.ng/checks" "^2.6.2"
    "@thi.ng/defmulti" "^1.2.11"
    "@thi.ng/dgraph" "^1.2.3"
    "@thi.ng/errors" "^1.2.10"
    tslib "^1.11.1"

"@thi.ng/strings@^1.8.3":
  version "1.8.3"
  resolved "https://registry.yarnpkg.com/@thi.ng/strings/-/strings-1.8.3.tgz#93233928cec36c9e6184e8666f16f59fdd0923ee"
  integrity sha512-1pKZ20tc6fnucT3z9gkGrBJXZdCGhFm8iQMXBgDKqPUl1NCnvv8tuEJbGKshqrhCtMj2rfEbaJi03kw9/NFK0g==
  dependencies:
    "@thi.ng/api" "^6.10.1"
    "@thi.ng/errors" "^1.2.10"
    "@thi.ng/memoize" "^2.0.7"
    tslib "^1.11.1"

"@thi.ng/transducers-stats@^1.1.18":
  version "1.1.18"
  resolved "https://registry.yarnpkg.com/@thi.ng/transducers-stats/-/transducers-stats-1.1.18.tgz#52e9c4c904cfbbe27afa8f71751e93e92181ce54"
  integrity sha512-9IVaaGtMhQNer8gSo8CHYyU9yeDDvhII9RiRpblvumBiyhtH2QUq2E41/NKKxFu15Uv1RGhQ+o4VExa/7bhhDQ==
  dependencies:
    "@thi.ng/checks" "^2.6.2"
    "@thi.ng/dcons" "^2.2.11"
    "@thi.ng/errors" "^1.2.10"
    "@thi.ng/transducers" "^6.4.5"
    tslib "^1.11.1"

"@thi.ng/transducers@^6.4.5":
  version "6.4.5"
  resolved "https://registry.yarnpkg.com/@thi.ng/transducers/-/transducers-6.4.5.tgz#fd678297b3f4196195a430dec51281177ee2177b"
  integrity sha512-nb+yYFx7gQaJ6MbFEQ2KJ6mFK7+a0J37hcX2oEdXW7ZzKSBqaUICV6vYCms7bGyuj6YedNtjYUI+f9Kd2TUwPA==
  dependencies:
    "@thi.ng/api" "^6.10.1"
    "@thi.ng/arrays" "^0.6.3"
    "@thi.ng/checks" "^2.6.2"
    "@thi.ng/compare" "^1.3.2"
    "@thi.ng/compose" "^1.4.3"
    "@thi.ng/equiv" "^1.0.19"
    "@thi.ng/errors" "^1.2.10"
    "@thi.ng/math" "^1.7.6"
    "@thi.ng/random" "^1.4.5"
    "@thi.ng/strings" "^1.8.3"
    tslib "^1.11.1"

"@thi.ng/vector-pools@^1.0.21":
  version "1.0.21"
  resolved "https://registry.yarnpkg.com/@thi.ng/vector-pools/-/vector-pools-1.0.21.tgz#d5192e768638ab4c4c61abd02a310f5d13c6d3c1"
  integrity sha512-2GAKO2esMGvIvMNLtbAPyfuJhL2OE9c5MBFgR/Vv/97vUnI3nnajzF/lD3n5tiXpuTHqun2qtYnY1DY+y55UsQ==
  dependencies:
    "@thi.ng/api" "^6.10.1"
    "@thi.ng/binary" "^2.0.3"
    "@thi.ng/checks" "^2.6.2"
    "@thi.ng/malloc" "^4.1.11"
    "@thi.ng/transducers" "^6.4.5"
    "@thi.ng/vectors" "^4.2.5"
    tslib "^1.11.1"

"@thi.ng/vectors@^4.2.4", "@thi.ng/vectors@^4.2.5":
  version "4.2.5"
  resolved "https://registry.yarnpkg.com/@thi.ng/vectors/-/vectors-4.2.5.tgz#5e4eb2ebfb7c55a3750a011bb0e48403087fedca"
  integrity sha512-MS9BE7sumEDVxUvfRdKD6MSqjiCg6N3jESshIxhUnSIpaqkHiqbXS7nDd7x9c+nwG+4kBgmQRBkR+fvdPmiBfw==
  dependencies:
    "@thi.ng/api" "^6.10.1"
    "@thi.ng/binary" "^2.0.3"
    "@thi.ng/checks" "^2.6.2"
    "@thi.ng/equiv" "^1.0.19"
    "@thi.ng/errors" "^1.2.10"
    "@thi.ng/math" "^1.7.6"
    "@thi.ng/memoize" "^2.0.7"
    "@thi.ng/random" "^1.4.5"
    "@thi.ng/transducers" "^6.4.5"
    tslib "^1.11.1"

"@thi.ng/webgl@^1.0.3":
  version "1.0.5"
  resolved "https://registry.yarnpkg.com/@thi.ng/webgl/-/webgl-1.0.5.tgz#88e50aa5b6bf4a02480e7483cc1732675e1f0416"
  integrity sha512-VXG5ULI8rTBjB+id384F+3nJ2xsmHTwmLiyDdrbO4QK+8hhaCoUY8UEMnzJPnHpja2tWdxSLJK7dbskiO8hbzQ==
  dependencies:
    "@thi.ng/api" "^6.10.1"
    "@thi.ng/associative" "^4.0.3"
    "@thi.ng/binary" "^2.0.3"
    "@thi.ng/checks" "^2.6.2"
    "@thi.ng/equiv" "^1.0.19"
    "@thi.ng/errors" "^1.2.10"
    "@thi.ng/matrices" "^0.6.8"
    "@thi.ng/pixel" "^0.1.16"
    "@thi.ng/shader-ast" "^0.3.15"
    "@thi.ng/shader-ast-glsl" "^0.1.21"
    "@thi.ng/shader-ast-stdlib" "^0.3.14"
    "@thi.ng/transducers" "^6.4.5"
    "@thi.ng/vector-pools" "^1.0.21"
    "@thi.ng/vectors" "^4.2.5"
    tslib "^1.11.1"

"@types/node@^13.11.0":
  version "13.11.1"
  resolved "https://registry.yarnpkg.com/@types/node/-/node-13.11.1.tgz#49a2a83df9d26daacead30d0ccc8762b128d53c7"
  integrity sha512-eWQGP3qtxwL8FGneRrC5DwrJLGN4/dH1clNTuLfN81HCrxVtxRjygDTUoZJ5ASlDEeo0ppYFQjQIlXhtXpOn6g==

tslib@^1.11.1:
  version "1.11.1"
  resolved "https://registry.yarnpkg.com/tslib/-/tslib-1.11.1.tgz#eb15d128827fbee2841549e171f45ed338ac7e35"
  integrity sha512-aZW88SY8kQbU7gpV19lN24LtXh/yD4ZZg6qieAJDDg+YBsJcSmLGK9QpnUjAKVG/xefmvJGd1WUmfpT/g6AJGA==

typescript@^3.8.3:
  version "3.8.3"
  resolved "https://registry.yarnpkg.com/typescript/-/typescript-3.8.3.tgz#409eb8544ea0335711205869ec458ab109ee1061"
  integrity sha512-MYlEfn5VrLNsgudQTVJeNaQFUAI7DkhnOjdpAp4T+ku1TfQClewlbSuTVHiA+8skNBgaf02TL/kLOvig4y3G8w==
